
Microsoft Visual Studio Solution File, Format Version 12.00
# Visual Studio Version 16
VisualStudioVersion = 16.0.29512.175
MinimumVisualStudioVersion = 10.0.40219.1
Project("{FAE04EC0-301F-11D3-BF4B-00C04F79EFBC}") = "AreaCalculatorOfCircles", "AreaCalculatorOfCircles\AreaCalculatorOfCircles.csproj", "{870ADE00-8D02-4472-BABE-3A87BCE46D61}"
EndProject
Global
	GlobalSection(SolutionConfigurationPlatforms) = preSolution
		Debug|Any CPU = Debug|Any CPU
		Release|Any CPU = Release|Any CPU
	EndGlobalSection
	GlobalSection(ProjectConfigurationPlatforms) = postSolution
		{870ADE00-8D02-4472-BABE-3A87BCE46D61}.Debug|Any CPU.ActiveCfg = Debug|Any CPU
		{870ADE00-8D02-4472-BABE-3A87BCE46D61}.Debug|Any CPU.Build.0 = Debug|Any CPU
		{870ADE00-8D02-4472-BABE-3A87BCE46D61}.Release|Any CPU.ActiveCfg = Release|Any CPU
		{870ADE00-8D02-4472-BABE-3A87BCE46D61}.Release|Any CPU.Build.0 = Release|Any CPU
	EndGlobalSection
	GlobalSection(SolutionProperties) = preSolution
		HideSolutionNode = FALSE
	EndGlobalSection
	GlobalSection(ExtensibilityGlobals) = postSolution
		SolutionGuid = {FD156D63-0FB2-4EB1-AE94-6496E056691C}
	EndGlobalSection
EndGlobal
